// !$*UTF8*$!
{
	archiveVersion = 1;
	classes = {
	};
	objectVersion = 56;
	objects = {

/* Begin PBXBuildFile section */
		FAF7C9612A671A3400C97468 /* TodoMVCApp.swift in Sources */ = {isa = PBXBuildFile; fileRef = FAF7C9602A671A3400C97468 /* TodoMVCApp.swift */; };
		FAF7C9632A671A3400C97468 /* ContentView.swift in Sources */ = {isa = PBXBuildFile; fileRef = FAF7C9622A671A3400C97468 /* ContentView.swift */; };
		FAF7C9652A671A3700C97468 /* Assets.xcassets in Resources */ = {isa = PBXBuildFile; fileRef = FAF7C9642A671A3700C97468 /* Assets.xcassets */; };
		FAF7C9682A671A3700C97468 /* Preview Assets.xcassets in Resources */ = {isa = PBXBuildFile; fileRef = FAF7C9672A671A3700C97468 /* Preview Assets.xcassets */; };
		FAF7C9702A6721A600C97468 /* TodoView.swift in Sources */ = {isa = PBXBuildFile; fileRef = FAF7C96F2A6721A600C97468 /* TodoView.swift */; };
		FAF7C9722A6721BA00C97468 /* Todo.swift in Sources */ = {isa = PBXBuildFile; fileRef = FAF7C9712A6721BA00C97468 /* Todo.swift */; };
		FAF7C9742A67248D00C97468 /* TodoState.swift in Sources */ = {isa = PBXBuildFile; fileRef = FAF7C9732A67248D00C97468 /* TodoState.swift */; };
		FAF7C9762A67309500C97468 /* StateView.swift in Sources */ = {isa = PBXBuildFile; fileRef = FAF7C9752A67309500C97468 /* StateView.swift */; };
/* End PBXBuildFile section */

/* Begin PBXFileReference section */
		FAF7C95D2A671A3400C97468 /* TodoMVC.app */ = {isa = PBXFileReference; explicitFileType = wrapper.application; includeInIndex = 0; path = TodoMVC.app; sourceTree = BUILT_PRODUCTS_DIR; };
		FAF7C9602A671A3400C97468 /* TodoMVCApp.swift */ = {isa = PBXFileReference; lastKnownFileType = sourcecode.swift; path = TodoMVCApp.swift; sourceTree = "<group>"; };
		FAF7C9622A671A3400C97468 /* ContentView.swift */ = {isa = PBXFileReference; lastKnownFileType = sourcecode.swift; path = ContentView.swift; sourceTree = "<group>"; };
		FAF7C9642A671A3700C97468 /* Assets.xcassets */ = {isa = PBXFileReference; lastKnownFileType = folder.assetcatalog; path = Assets.xcassets; sourceTree = "<group>"; };
		FAF7C9672A671A3700C97468 /* Preview Assets.xcassets */ = {isa = PBXFileReference; lastKnownFileType = folder.assetcatalog; path = "Preview Assets.xcassets"; sourceTree = "<group>"; };
		FAF7C9692A671A3700C97468 /* TodoMVC.entitlements */ = {isa = PBXFileReference; lastKnownFileType = text.plist.entitlements; path = TodoMVC.entitlements; sourceTree = "<group>"; };
		FAF7C96F2A6721A600C97468 /* TodoView.swift */ = {isa = PBXFileReference; lastKnownFileType = sourcecode.swift; path = TodoView.swift; sourceTree = "<group>"; };
		FAF7C9712A6721BA00C97468 /* Todo.swift */ = {isa = PBXFileReference; lastKnownFileType = sourcecode.swift; path = Todo.swift; sourceTree = "<group>"; };
		FAF7C9732A67248D00C97468 /* TodoState.swift */ = {isa = PBXFileReference; lastKnownFileType = sourcecode.swift; path = TodoState.swift; sourceTree = "<group>"; };
		FAF7C9752A67309500C97468 /* StateView.swift */ = {isa = PBXFileReference; lastKnownFileType = sourcecode.swift; path = StateView.swift; sourceTree = "<group>"; };
/* End PBXFileReference section */

/* Begin PBXFrameworksBuildPhase section */
		FAF7C95A2A671A3400C97468 /* Frameworks */ = {
			isa = PBXFrameworksBuildPhase;
			buildActionMask = 2147483647;
			files = (
			);
			runOnlyForDeploymentPostprocessing = 0;
		};
/* End PBXFrameworksBuildPhase section */

/* Begin PBXGroup section */
		FAF7C9542A671A3400C97468 = {
			isa = PBXGroup;
			children = (
				FAF7C95F2A671A3400C97468 /* TodoMVC */,
				FAF7C95E2A671A3400C97468 /* Products */,
			);
			sourceTree = "<group>";
		};
		FAF7C95E2A671A3400C97468 /* Products */ = {
			isa = PBXGroup;
			children = (
				FAF7C95D2A671A3400C97468 /* TodoMVC.app */,
			);
			name = Products;
			sourceTree = "<group>";
		};
		FAF7C95F2A671A3400C97468 /* TodoMVC */ = {
			isa = PBXGroup;
			children = (
				FAF7C9602A671A3400C97468 /* TodoMVCApp.swift */,
				FAF7C9622A671A3400C97468 /* ContentView.swift */,
				FAF7C9642A671A3700C97468 /* Assets.xcassets */,
				FAF7C9692A671A3700C97468 /* TodoMVC.entitlements */,
				FAF7C9662A671A3700C97468 /* Preview Content */,
				FAF7C96F2A6721A600C97468 /* TodoView.swift */,
				FAF7C9712A6721BA00C97468 /* Todo.swift */,
				FAF7C9732A67248D00C97468 /* TodoState.swift */,
				FAF7C9752A67309500C97468 /* StateView.swift */,
			);
			path = TodoMVC;
			sourceTree = "<group>";
		};
		FAF7C9662A671A3700C97468 /* Preview Content */ = {
			isa = PBXGroup;
			children = (
				FAF7C9672A671A3700C97468 /* Preview Assets.xcassets */,
			);
			path = "Preview Content";
			sourceTree = "<group>";
		};
/* End PBXGroup section */

/* Begin PBXNativeTarget section */
		FAF7C95C2A671A3400C97468 /* TodoMVC */ = {
			isa = PBXNativeTarget;
			buildConfigurationList = FAF7C96C2A671A3700C97468 /* Build configuration list for PBXNativeTarget "TodoMVC" */;
			buildPhases = (
				FAF7C9592A671A3400C97468 /* Sources */,
				FAF7C95A2A671A3400C97468 /* Frameworks */,
				FAF7C95B2A671A3400C97468 /* Resources */,
			);
			buildRules = (
			);
			dependencies = (
			);
			name = TodoMVC;
			productName = TodoMVC;
			productReference = FAF7C95D2A671A3400C97468 /* TodoMVC.app */;
			productType = "com.apple.product-type.application";
		};
/* End PBXNativeTarget section */

/* Begin PBXProject section */
		FAF7C9552A671A3400C97468 /* Project object */ = {
			isa = PBXProject;
			attributes = {
				BuildIndependentTargetsInParallel = 1;
				LastSwiftUpdateCheck = 1420;
				LastUpgradeCheck = 1420;
				TargetAttributes = {
					FAF7C95C2A671A3400C97468 = {
						CreatedOnToolsVersion = 14.2;
					};
				};
			};
			buildConfigurationList = FAF7C9582A671A3400C97468 /* Build configuration list for PBXProject "TodoMVC" */;
			compatibilityVersion = "Xcode 14.0";
			developmentRegion = en;
			hasScannedForEncodings = 0;
			knownRegions = (
				en,
				Base,
			);
			mainGroup = FAF7C9542A671A3400C97468;
			productRefGroup = FAF7C95E2A671A3400C97468 /* Products */;
			projectDirPath = "";
			projectRoot = "";
			targets = (
				FAF7C95C2A671A3400C97468 /* TodoMVC */,
			);
		};
/* End PBXProject section */

/* Begin PBXResourcesBuildPhase section */
		FAF7C95B2A671A3400C97468 /* Resources */ = {
			isa = PBXResourcesBuildPhase;
			buildActionMask = 2147483647;
			files = (
				FAF7C9682A671A3700C97468 /* Preview Assets.xcassets in Resources */,
				FAF7C9652A671A3700C97468 /* Assets.xcassets in Resources */,
			);
			runOnlyForDeploymentPostprocessing = 0;
		};
/* End PBXResourcesBuildPhase section */

/* Begin PBXSourcesBuildPhase section */
		FAF7C9592A671A3400C97468 /* Sources */ = {
			isa = PBXSourcesBuildPhase;
			buildActionMask = 2147483647;
			files = (
				FAF7C9762A67309500C97468 /* StateView.swift in Sources */,
				FAF7C9702A6721A600C97468 /* TodoView.swift in Sources */,
				FAF7C9742A67248D00C97468 /* TodoState.swift in Sources */,
				FAF7C9632A671A3400C97468 /* ContentView.swift in Sources */,
				FAF7C9612A671A3400C97468 /* TodoMVCApp.swift in Sources */,
				FAF7C9722A6721BA00C97468 /* Todo.swift in Sources */,
			);
			runOnlyForDeploymentPostprocessing = 0;
		};
/* End PBXSourcesBuildPhase section */

/* Begin XCBuildConfiguration section */
		FAF7C96A2A671A3700C97468 /* Debug */ = {
			isa = XCBuildConfiguration;
			buildSettings = {
				ALWAYS_SEARCH_USER_PATHS = NO;
				CLANG_ANALYZER_NONNULL = YES;
				CLANG_ANALYZER_NUMBER_OBJECT_CONVERSION = YES_AGGRESSIVE;
				CLANG_CXX_LANGUAGE_STANDARD = "gnu++20";
				CLANG_ENABLE_MODULES = YES;
				CLANG_ENABLE_OBJC_ARC = YES;
				CLANG_ENABLE_OBJC_WEAK = YES;
				CLANG_WARN_BLOCK_CAPTURE_AUTORELEASING = YES;
				CLANG_WARN_BOOL_CONVERSION = YES;
				CLANG_WARN_COMMA = YES;
				CLANG_WARN_CONSTANT_CONVERSION = YES;
				CLANG_WARN_DEPRECATED_OBJC_IMPLEMENTATIONS = YES;
				CLANG_WARN_DIRECT_OBJC_ISA_USAGE = YES_ERROR;
				CLANG_WARN_DOCUMENTATION_COMMENTS = YES;
				CLANG_WARN_EMPTY_BODY = YES;
				CLANG_WARN_ENUM_CONVERSION = YES;
				CLANG_WARN_INFINITE_RECURSION = YES;
				CLANG_WARN_INT_CONVERSION = YES;
				CLANG_WARN_NON_LITERAL_NULL_CONVERSION = YES;
				CLANG_WARN_OBJC_IMPLICIT_RETAIN_SELF = YES;
				CLANG_WARN_OBJC_LITERAL_CONVERSION = YES;
				CLANG_WARN_OBJC_ROOT_CLASS = YES_ERROR;
				CLANG_WARN_QUOTED_INCLUDE_IN_FRAMEWORK_HEADER = YES;
				CLANG_WARN_RANGE_LOOP_ANALYSIS = YES;
				CLANG_WARN_STRICT_PROTOTYPES = YES;
				CLANG_WARN_SUSPICIOUS_MOVE = YES;
				CLANG_WARN_UNGUARDED_AVAILABILITY = YES_AGGRESSIVE;
				CLANG_WARN_UNREACHABLE_CODE = YES;
				CLANG_WARN__DUPLICATE_METHOD_MATCH = YES;
				COPY_PHASE_STRIP = NO;
				DEBUG_INFORMATION_FORMAT = dwarf;
				ENABLE_STRICT_OBJC_MSGSEND = YES;
				ENABLE_TESTABILITY = YES;
				GCC_C_LANGUAGE_STANDARD = gnu11;
				GCC_DYNAMIC_NO_PIC = NO;
				GCC_NO_COMMON_BLOCKS = YES;
				GCC_OPTIMIZATION_LEVEL = 0;
				GCC_PREPROCESSOR_DEFINITIONS = (
					"DEBUG=1",
					"$(inherited)",
				);
				GCC_WARN_64_TO_32_BIT_CONVERSION = YES;
				GCC_WARN_ABOUT_RETURN_TYPE = YES_ERROR;
				GCC_WARN_UNDECLARED_SELECTOR = YES;
				GCC_WARN_UNINITIALIZED_AUTOS = YES_AGGRESSIVE;
				GCC_WARN_UNUSED_FUNCTION = YES;
				GCC_WARN_UNUSED_VARIABLE = YES;
				MACOSX_DEPLOYMENT_TARGET = 13.1;
				MTL_ENABLE_DEBUG_INFO = INCLUDE_SOURCE;
				MTL_FAST_MATH = YES;
				ONLY_ACTIVE_ARCH = YES;
				SDKROOT = macosx;
				SWIFT_ACTIVE_COMPILATION_CONDITIONS = DEBUG;
				SWIFT_OPTIMIZATION_LEVEL = "-Onone";
			};
			name = Debug;
		};
		FAF7C96B2A671A3700C97468 /* Release */ = {
			isa = XCBuildConfiguration;
			buildSettings = {
				ALWAYS_SEARCH_USER_PATHS = NO;
				CLANG_ANALYZER_NONNULL = YES;
				CLANG_ANALYZER_NUMBER_OBJECT_CONVERSION = YES_AGGRESSIVE;
				CLANG_CXX_LANGUAGE_STANDARD = "gnu++20";
				CLANG_ENABLE_MODULES = YES;
				CLANG_ENABLE_OBJC_ARC = YES;
				CLANG_ENABLE_OBJC_WEAK = YES;
				CLANG_WARN_BLOCK_CAPTURE_AUTORELEASING = YES;
				CLANG_WARN_BOOL_CONVERSION = YES;
				CLANG_WARN_COMMA = YES;
				CLANG_WARN_CONSTANT_CONVERSION = YES;
				CLANG_WARN_DEPRECATED_OBJC_IMPLEMENTATIONS = YES;
				CLANG_WARN_DIRECT_OBJC_ISA_USAGE = YES_ERROR;
				CLANG_WARN_DOCUMENTATION_COMMENTS = YES;
				CLANG_WARN_EMPTY_BODY = YES;
				CLANG_WARN_ENUM_CONVERSION = YES;
				CLANG_WARN_INFINITE_RECURSION = YES;
				CLANG_WARN_INT_CONVERSION = YES;
				CLANG_WARN_NON_LITERAL_NULL_CONVERSION = YES;
				CLANG_WARN_OBJC_IMPLICIT_RETAIN_SELF = YES;
				CLANG_WARN_OBJC_LITERAL_CONVERSION = YES;
				CLANG_WARN_OBJC_ROOT_CLASS = YES_ERROR;
				CLANG_WARN_QUOTED_INCLUDE_IN_FRAMEWORK_HEADER = YES;
				CLANG_WARN_RANGE_LOOP_ANALYSIS = YES;
				CLANG_WARN_STRICT_PROTOTYPES = YES;
				CLANG_WARN_SUSPICIOUS_MOVE = YES;
				CLANG_WARN_UNGUARDED_AVAILABILITY = YES_AGGRESSIVE;
				CLANG_WARN_UNREACHABLE_CODE = YES;
				CLANG_WARN__DUPLICATE_METHOD_MATCH = YES;
				COPY_PHASE_STRIP = NO;
				DEBUG_INFORMATION_FORMAT = "dwarf-with-dsym";
				ENABLE_NS_ASSERTIONS = NO;
				ENABLE_STRICT_OBJC_MSGSEND = YES;
				GCC_C_LANGUAGE_STANDARD = gnu11;
				GCC_NO_COMMON_BLOCKS = YES;
				GCC_WARN_64_TO_32_BIT_CONVERSION = YES;
				GCC_WARN_ABOUT_RETURN_TYPE = YES_ERROR;
				GCC_WARN_UNDECLARED_SELECTOR = YES;
				GCC_WARN_UNINITIALIZED_AUTOS = YES_AGGRESSIVE;
				GCC_WARN_UNUSED_FUNCTION = YES;
				GCC_WARN_UNUSED_VARIABLE = YES;
				MACOSX_DEPLOYMENT_TARGET = 13.1;
				MTL_ENABLE_DEBUG_INFO = NO;
				MTL_FAST_MATH = YES;
				SDKROOT = macosx;
				SWIFT_COMPILATION_MODE = wholemodule;
				SWIFT_OPTIMIZATION_LEVEL = "-O";
			};
			name = Release;
		};
		FAF7C96D2A671A3700C97468 /* Debug */ = {
			isa = XCBuildConfiguration;
			buildSettings = {
				ASSETCATALOG_COMPILER_APPICON_NAME = AppIcon;
				ASSETCATALOG_COMPILER_GLOBAL_ACCENT_COLOR_NAME = AccentColor;
				CODE_SIGN_ENTITLEMENTS = TodoMVC/TodoMVC.entitlements;
				CODE_SIGN_STYLE = Automatic;
				COMBINE_HIDPI_IMAGES = YES;
				CURRENT_PROJECT_VERSION = 1;
				DEVELOPMENT_ASSET_PATHS = "\"TodoMVC/Preview Content\"";
				ENABLE_PREVIEWS = YES;
				GENERATE_INFOPLIST_FILE = YES;
				INFOPLIST_KEY_NSHumanReadableCopyright = "";
				LD_RUNPATH_SEARCH_PATHS = (
					"$(inherited)",
					"@executable_path/../Frameworks",
				);
				MARKETING_VERSION = 1.0;
				PRODUCT_BUNDLE_IDENTIFIER = dev.xeraph.TodoMVC;
				PRODUCT_NAME = "$(TARGET_NAME)";
				SWIFT_EMIT_LOC_STRINGS = YES;
				SWIFT_VERSION = 5.0;
			};
			name = Debug;
		};
		FAF7C96E2A671A3700C97468 /* Release */ = {
			isa = XCBuildConfiguration;
			buildSettings = {
				ASSETCATALOG_COMPILER_APPICON_NAME = AppIcon;
				ASSETCATALOG_COMPILER_GLOBAL_ACCENT_COLOR_NAME = AccentColor;
				CODE_SIGN_ENTITLEMENTS = TodoMVC/TodoMVC.entitlements;
				CODE_SIGN_STYLE = Automatic;
				COMBINE_HIDPI_IMAGES = YES;
				CURRENT_PROJECT_VERSION = 1;
				DEVELOPMENT_ASSET_PATHS = "\"TodoMVC/Preview Content\"";
				ENABLE_PREVIEWS = YES;
				GENERATE_INFOPLIST_FILE = YES;
				INFOPLIST_KEY_NSHumanReadableCopyright = "";
				LD_RUNPATH_SEARCH_PATHS = (
					"$(inherited)",
					"@executable_path/../Frameworks",
				);
				MARKETING_VERSION = 1.0;
				PRODUCT_BUNDLE_IDENTIFIER = dev.xeraph.TodoMVC;
				PRODUCT_NAME = "$(TARGET_NAME)";
				SWIFT_EMIT_LOC_STRINGS = YES;
				SWIFT_VERSION = 5.0;
			};
			name = Release;
		};
/* End XCBuildConfiguration section */

/* Begin XCConfigurationList section */
		FAF7C9582A671A3400C97468 /* Build configuration list for PBXProject "TodoMVC" */ = {
			isa = XCConfigurationList;
			buildConfigurations = (
				FAF7C96A2A671A3700C97468 /* Debug */,
				FAF7C96B2A671A3700C97468 /* Release */,
			);
			defaultConfigurationIsVisible = 0;
			defaultConfigurationName = Release;
		};
		FAF7C96C2A671A3700C97468 /* Build configuration list for PBXNativeTarget "TodoMVC" */ = {
			isa = XCConfigurationList;
			buildConfigurations = (
				FAF7C96D2A671A3700C97468 /* Debug */,
				FAF7C96E2A671A3700C97468 /* Release */,
			);
			defaultConfigurationIsVisible = 0;
			defaultConfigurationName = Release;
		};
/* End XCConfigurationList section */
	};
	rootObject = FAF7C9552A671A3400C97468 /* Project object */;
}
